<?xml version="1.0" encoding="UTF-8"?>
<!DOCTYPE plist PUBLIC "-//Apple//DTD PLIST 1.0//EN" "http://www.apple.com/DTDs/PropertyList-1.0.dtd">
<plist version="1.0">
<dict>
	<key>archiveVersion</key>
	<string>1</string>
	<key>classes</key>
	<dict/>
	<key>objectVersion</key>
	<string>46</string>
	<key>objects</key>
	<dict>
		<key>03963566F4414909A6C567E2</key>
		<dict>
			<key>fileRef</key>
			<string>A6A5C93B4C824417AC7001C6</string>
			<key>isa</key>
			<string>PBXBuildFile</string>
			<key>settings</key>
			<dict/>
		</dict>
		<key>8536DAEAB8C146EB914F26B7</key>
		<dict>
			<key>buildActionMask</key>
			<string>2147483647</string>
			<key>files</key>
			<array/>
			<key>inputPaths</key>
			<array/>
			<key>isa</key>
			<string>PBXShellScriptBuildPhase</string>
			<key>name</key>
			<string>Copy Pods Resources</string>
			<key>outputPaths</key>
			<array/>
			<key>runOnlyForDeploymentPostprocessing</key>
			<string>0</string>
			<key>shellPath</key>
			<string>/bin/sh</string>
			<key>shellScript</key>
			<string>"${SRCROOT}/Pods/Pods-resources.sh"
</string>
			<key>showEnvVarsInLog</key>
			<string>1</string>
		</dict>
		<key>9674A762166E73AA00CCA840</key>
		<dict>
			<key>children</key>
			<array>
				<string>9674A777166E73AA00CCA840</string>
				<string>9674A79B166E73AA00CCA840</string>
				<string>9674A770166E73AA00CCA840</string>
				<string>9674A76E166E73AA00CCA840</string>
				<string>9F938856DC0C4D05AEC52E13</string>
			</array>
			<key>isa</key>
			<string>PBXGroup</string>
			<key>sourceTree</key>
			<string>&lt;group&gt;</string>
		</dict>
		<key>9674A764166E73AA00CCA840</key>
		<dict>
			<key>attributes</key>
			<dict>
				<key>CLASSPREFIX</key>
				<string>iFudge</string>
				<key>LastUpgradeCheck</key>
				<string>0450</string>
				<key>ORGANIZATIONNAME</key>
				<string>James Smith</string>
			</dict>
			<key>buildConfigurationList</key>
			<string>9674A767166E73AA00CCA840</string>
			<key>compatibilityVersion</key>
			<string>Xcode 3.2</string>
			<key>developmentRegion</key>
			<string>English</string>
			<key>hasScannedForEncodings</key>
			<string>0</string>
			<key>isa</key>
			<string>PBXProject</string>
			<key>knownRegions</key>
			<array>
				<string>en</string>
			</array>
			<key>mainGroup</key>
			<string>9674A762166E73AA00CCA840</string>
			<key>productRefGroup</key>
			<string>9674A76E166E73AA00CCA840</string>
			<key>projectDirPath</key>
			<string></string>
			<key>projectReferences</key>
			<array/>
			<key>projectRoot</key>
			<string></string>
			<key>targets</key>
			<array>
				<string>9674A76C166E73AA00CCA840</string>
				<string>9674A793166E73AA00CCA840</string>
			</array>
		</dict>
		<key>9674A767166E73AA00CCA840</key>
		<dict>
			<key>buildConfigurations</key>
			<array>
				<string>9674A7A4166E73AA00CCA840</string>
				<string>9674A7A5166E73AA00CCA840</string>
			</array>
			<key>defaultConfigurationIsVisible</key>
			<string>0</string>
			<key>defaultConfigurationName</key>
			<string>Release</string>
			<key>isa</key>
			<string>XCConfigurationList</string>
		</dict>
		<key>9674A769166E73AA00CCA840</key>
		<dict>
			<key>buildActionMask</key>
			<string>2147483647</string>
			<key>files</key>
			<array>
				<string>9674A77E166E73AA00CCA840</string>
				<string>9674A782166E73AA00CCA840</string>
				<string>9674A78B166E73AA00CCA840</string>
			</array>
			<key>isa</key>
			<string>PBXSourcesBuildPhase</string>
			<key>runOnlyForDeploymentPostprocessing</key>
			<string>0</string>
		</dict>
		<key>9674A76A166E73AA00CCA840</key>
		<dict>
			<key>buildActionMask</key>
			<string>2147483647</string>
			<key>files</key>
			<array>
				<string>9674A772166E73AA00CCA840</string>
				<string>9674A774166E73AA00CCA840</string>
				<string>9674A776166E73AA00CCA840</string>
				<string>03963566F4414909A6C567E2</string>
			</array>
			<key>isa</key>
			<string>PBXFrameworksBuildPhase</string>
			<key>runOnlyForDeploymentPostprocessing</key>
			<string>0</string>
		</dict>
		<key>9674A76B166E73AA00CCA840</key>
		<dict>
			<key>buildActionMask</key>
			<string>2147483647</string>
			<key>files</key>
			<array>
				<string>9674A77C166E73AA00CCA840</string>
				<string>9674A784166E73AA00CCA840</string>
				<string>9674A786166E73AA00CCA840</string>
				<string>9674A788166E73AA00CCA840</string>
				<string>9674A78E166E73AA00CCA840</string>
			</array>
			<key>isa</key>
			<string>PBXResourcesBuildPhase</string>
			<key>runOnlyForDeploymentPostprocessing</key>
			<string>0</string>
		</dict>
		<key>9674A76C166E73AA00CCA840</key>
		<dict>
			<key>buildConfigurationList</key>
			<string>9674A7A6166E73AA00CCA840</string>
			<key>buildPhases</key>
			<array>
				<string>9674A769166E73AA00CCA840</string>
				<string>9674A76A166E73AA00CCA840</string>
				<string>9674A76B166E73AA00CCA840</string>
				<string>8536DAEAB8C146EB914F26B7</string>
			</array>
			<key>buildRules</key>
			<array/>
			<key>dependencies</key>
			<array/>
			<key>isa</key>
			<string>PBXNativeTarget</string>
			<key>name</key>
			<string>iFudge</string>
			<key>productName</key>
			<string>iFudge</string>
			<key>productReference</key>
			<string>9674A76D166E73AA00CCA840</string>
			<key>productType</key>
			<string>com.apple.product-type.application</string>
		</dict>
		<key>9674A76D166E73AA00CCA840</key>
		<dict>
			<key>explicitFileType</key>
			<string>wrapper.application</string>
			<key>includeInIndex</key>
			<string>0</string>
			<key>isa</key>
			<string>PBXFileReference</string>
			<key>path</key>
			<string>iFudge.app</string>
			<key>sourceTree</key>
			<string>BUILT_PRODUCTS_DIR</string>
		</dict>
		<key>9674A76E166E73AA00CCA840</key>
		<dict>
			<key>children</key>
			<array>
				<string>9674A76D166E73AA00CCA840</string>
				<string>9674A794166E73AA00CCA840</string>
			</array>
			<key>isa</key>
			<string>PBXGroup</string>
			<key>name</key>
			<string>Products</string>
			<key>sourceTree</key>
			<string>&lt;group&gt;</string>
		</dict>
		<key>9674A770166E73AA00CCA840</key>
		<dict>
			<key>children</key>
			<array>
				<string>9674A771166E73AA00CCA840</string>
				<string>9674A773166E73AA00CCA840</string>
				<string>9674A775166E73AA00CCA840</string>
				<string>9674A795166E73AA00CCA840</string>
				<string>A6A5C93B4C824417AC7001C6</string>
			</array>
			<key>isa</key>
			<string>PBXGroup</string>
			<key>name</key>
			<string>Frameworks</string>
			<key>sourceTree</key>
			<string>&lt;group&gt;</string>
		</dict>
		<key>9674A771166E73AA00CCA840</key>
		<dict>
			<key>isa</key>
			<string>PBXFileReference</string>
			<key>lastKnownFileType</key>
			<string>wrapper.framework</string>
			<key>name</key>
			<string>UIKit.framework</string>
			<key>path</key>
			<string>System/Library/Frameworks/UIKit.framework</string>
			<key>sourceTree</key>
			<string>SDKROOT</string>
		</dict>
		<key>9674A772166E73AA00CCA840</key>
		<dict>
			<key>fileRef</key>
			<string>9674A771166E73AA00CCA840</string>
			<key>isa</key>
			<string>PBXBuildFile</string>
		</dict>
		<key>9674A773166E73AA00CCA840</key>
		<dict>
			<key>isa</key>
			<string>PBXFileReference</string>
			<key>lastKnownFileType</key>
			<string>wrapper.framework</string>
			<key>name</key>
			<string>Foundation.framework</string>
			<key>path</key>
			<string>System/Library/Frameworks/Foundation.framework</string>
			<key>sourceTree</key>
			<string>SDKROOT</string>
		</dict>
		<key>9674A774166E73AA00CCA840</key>
		<dict>
			<key>fileRef</key>
			<string>9674A773166E73AA00CCA840</string>
			<key>isa</key>
			<string>PBXBuildFile</string>
		</dict>
		<key>9674A775166E73AA00CCA840</key>
		<dict>
			<key>isa</key>
			<string>PBXFileReference</string>
			<key>lastKnownFileType</key>
			<string>wrapper.framework</string>
			<key>name</key>
			<string>CoreGraphics.framework</string>
			<key>path</key>
			<string>System/Library/Frameworks/CoreGraphics.framework</string>
			<key>sourceTree</key>
			<string>SDKROOT</string>
		</dict>
		<key>9674A776166E73AA00CCA840</key>
		<dict>
			<key>fileRef</key>
			<string>9674A775166E73AA00CCA840</string>
			<key>isa</key>
			<string>PBXBuildFile</string>
		</dict>
		<key>9674A777166E73AA00CCA840</key>
		<dict>
			<key>children</key>
			<array>
				<string>9674A780166E73AA00CCA840</string>
				<string>9674A781166E73AA00CCA840</string>
				<string>9674A789166E73AA00CCA840</string>
				<string>9674A78A166E73AA00CCA840</string>
				<string>9674A78C166E73AA00CCA840</string>
				<string>9674A778166E73AA00CCA840</string>
			</array>
			<key>isa</key>
			<string>PBXGroup</string>
			<key>path</key>
			<string>iFudge</string>
			<key>sourceTree</key>
			<string>&lt;group&gt;</string>
		</dict>
		<key>9674A778166E73AA00CCA840</key>
		<dict>
			<key>children</key>
			<array>
				<string>9674A779166E73AA00CCA840</string>
				<string>9674A77A166E73AA00CCA840</string>
				<string>9674A77D166E73AA00CCA840</string>
				<string>9674A77F166E73AA00CCA840</string>
				<string>9674A783166E73AA00CCA840</string>
				<string>9674A785166E73AA00CCA840</string>
				<string>9674A787166E73AA00CCA840</string>
			</array>
			<key>isa</key>
			<string>PBXGroup</string>
			<key>name</key>
			<string>Supporting Files</string>
			<key>sourceTree</key>
			<string>&lt;group&gt;</string>
		</dict>
		<key>9674A779166E73AA00CCA840</key>
		<dict>
			<key>isa</key>
			<string>PBXFileReference</string>
			<key>lastKnownFileType</key>
			<string>text.plist.xml</string>
			<key>path</key>
			<string>iFudge-Info.plist</string>
			<key>sourceTree</key>
			<string>&lt;group&gt;</string>
		</dict>
		<key>9674A77A166E73AA00CCA840</key>
		<dict>
			<key>children</key>
			<array>
				<string>9674A77B166E73AA00CCA840</string>
			</array>
			<key>isa</key>
			<string>PBXVariantGroup</string>
			<key>name</key>
			<string>InfoPlist.strings</string>
			<key>sourceTree</key>
			<string>&lt;group&gt;</string>
		</dict>
		<key>9674A77B166E73AA00CCA840</key>
		<dict>
			<key>isa</key>
			<string>PBXFileReference</string>
			<key>lastKnownFileType</key>
			<string>text.plist.strings</string>
			<key>name</key>
			<string>en</string>
			<key>path</key>
			<string>en.lproj/InfoPlist.strings</string>
			<key>sourceTree</key>
			<string>&lt;group&gt;</string>
		</dict>
		<key>9674A77C166E73AA00CCA840</key>
		<dict>
			<key>fileRef</key>
			<string>9674A77A166E73AA00CCA840</string>
			<key>isa</key>
			<string>PBXBuildFile</string>
		</dict>
		<key>9674A77D166E73AA00CCA840</key>
		<dict>
			<key>isa</key>
			<string>PBXFileReference</string>
			<key>lastKnownFileType</key>
			<string>sourcecode.c.objc</string>
			<key>path</key>
			<string>main.m</string>
			<key>sourceTree</key>
			<string>&lt;group&gt;</string>
		</dict>
		<key>9674A77E166E73AA00CCA840</key>
		<dict>
			<key>fileRef</key>
			<string>9674A77D166E73AA00CCA840</string>
			<key>isa</key>
			<string>PBXBuildFile</string>
		</dict>
		<key>9674A77F166E73AA00CCA840</key>
		<dict>
			<key>isa</key>
			<string>PBXFileReference</string>
			<key>lastKnownFileType</key>
			<string>sourcecode.c.h</string>
			<key>path</key>
			<string>iFudge-Prefix.pch</string>
			<key>sourceTree</key>
			<string>&lt;group&gt;</string>
		</dict>
		<key>9674A780166E73AA00CCA840</key>
		<dict>
			<key>isa</key>
			<string>PBXFileReference</string>
			<key>lastKnownFileType</key>
			<string>sourcecode.c.h</string>
			<key>path</key>
			<string>iFudgeAppDelegate.h</string>
			<key>sourceTree</key>
			<string>&lt;group&gt;</string>
		</dict>
		<key>9674A781166E73AA00CCA840</key>
		<dict>
			<key>isa</key>
			<string>PBXFileReference</string>
			<key>lastKnownFileType</key>
			<string>sourcecode.c.objc</string>
			<key>path</key>
			<string>iFudgeAppDelegate.m</string>
			<key>sourceTree</key>
			<string>&lt;group&gt;</string>
		</dict>
		<key>9674A782166E73AA00CCA840</key>
		<dict>
			<key>fileRef</key>
			<string>9674A781166E73AA00CCA840</string>
			<key>isa</key>
			<string>PBXBuildFile</string>
		</dict>
		<key>9674A783166E73AA00CCA840</key>
		<dict>
			<key>isa</key>
			<string>PBXFileReference</string>
			<key>lastKnownFileType</key>
			<string>image.png</string>
			<key>path</key>
			<string>Default.png</string>
			<key>sourceTree</key>
			<string>&lt;group&gt;</string>
		</dict>
		<key>9674A784166E73AA00CCA840</key>
		<dict>
			<key>fileRef</key>
			<string>9674A783166E73AA00CCA840</string>
			<key>isa</key>
			<string>PBXBuildFile</string>
		</dict>
		<key>9674A785166E73AA00CCA840</key>
		<dict>
			<key>isa</key>
			<string>PBXFileReference</string>
			<key>lastKnownFileType</key>
			<string>image.png</string>
			<key>path</key>
			<string>Default@2x.png</string>
			<key>sourceTree</key>
			<string>&lt;group&gt;</string>
		</dict>
		<key>9674A786166E73AA00CCA840</key>
		<dict>
			<key>fileRef</key>
			<string>9674A785166E73AA00CCA840</string>
			<key>isa</key>
			<string>PBXBuildFile</string>
		</dict>
		<key>9674A787166E73AA00CCA840</key>
		<dict>
			<key>isa</key>
			<string>PBXFileReference</string>
			<key>lastKnownFileType</key>
			<string>image.png</string>
			<key>path</key>
			<string>Default-568h@2x.png</string>
			<key>sourceTree</key>
			<string>&lt;group&gt;</string>
		</dict>
		<key>9674A788166E73AA00CCA840</key>
		<dict>
			<key>fileRef</key>
			<string>9674A787166E73AA00CCA840</string>
			<key>isa</key>
			<string>PBXBuildFile</string>
		</dict>
		<key>9674A789166E73AA00CCA840</key>
		<dict>
			<key>isa</key>
			<string>PBXFileReference</string>
			<key>lastKnownFileType</key>
			<string>sourcecode.c.h</string>
			<key>path</key>
			<string>iFudgeViewController.h</string>
			<key>sourceTree</key>
			<string>&lt;group&gt;</string>
		</dict>
		<key>9674A78A166E73AA00CCA840</key>
		<dict>
			<key>isa</key>
			<string>PBXFileReference</string>
			<key>lastKnownFileType</key>
			<string>sourcecode.c.objc</string>
			<key>path</key>
			<string>iFudgeViewController.m</string>
			<key>sourceTree</key>
			<string>&lt;group&gt;</string>
		</dict>
		<key>9674A78B166E73AA00CCA840</key>
		<dict>
			<key>fileRef</key>
			<string>9674A78A166E73AA00CCA840</string>
			<key>isa</key>
			<string>PBXBuildFile</string>
		</dict>
		<key>9674A78C166E73AA00CCA840</key>
		<dict>
			<key>children</key>
			<array>
				<string>9674A78D166E73AA00CCA840</string>
			</array>
			<key>isa</key>
			<string>PBXVariantGroup</string>
			<key>name</key>
			<string>iFudgeViewController.xib</string>
			<key>sourceTree</key>
			<string>&lt;group&gt;</string>
		</dict>
		<key>9674A78D166E73AA00CCA840</key>
		<dict>
			<key>isa</key>
			<string>PBXFileReference</string>
			<key>lastKnownFileType</key>
			<string>file.xib</string>
			<key>name</key>
			<string>en</string>
			<key>path</key>
			<string>en.lproj/iFudgeViewController.xib</string>
			<key>sourceTree</key>
			<string>&lt;group&gt;</string>
		</dict>
		<key>9674A78E166E73AA00CCA840</key>
		<dict>
			<key>fileRef</key>
			<string>9674A78C166E73AA00CCA840</string>
			<key>isa</key>
			<string>PBXBuildFile</string>
		</dict>
		<key>9674A78F166E73AA00CCA840</key>
		<dict>
			<key>buildActionMask</key>
			<string>2147483647</string>
			<key>files</key>
			<array>
				<string>9674A7A3166E73AA00CCA840</string>
			</array>
			<key>isa</key>
			<string>PBXSourcesBuildPhase</string>
			<key>runOnlyForDeploymentPostprocessing</key>
			<string>0</string>
		</dict>
		<key>9674A790166E73AA00CCA840</key>
		<dict>
			<key>buildActionMask</key>
			<string>2147483647</string>
			<key>files</key>
			<array>
				<string>9674A796166E73AA00CCA840</string>
				<string>9674A797166E73AA00CCA840</string>
				<string>9674A798166E73AA00CCA840</string>
			</array>
			<key>isa</key>
			<string>PBXFrameworksBuildPhase</string>
			<key>runOnlyForDeploymentPostprocessing</key>
			<string>0</string>
		</dict>
		<key>9674A791166E73AA00CCA840</key>
		<dict>
			<key>buildActionMask</key>
			<string>2147483647</string>
			<key>files</key>
			<array>
				<string>9674A7A0166E73AA00CCA840</string>
			</array>
			<key>isa</key>
			<string>PBXResourcesBuildPhase</string>
			<key>runOnlyForDeploymentPostprocessing</key>
			<string>0</string>
		</dict>
		<key>9674A792166E73AA00CCA840</key>
		<dict>
			<key>buildActionMask</key>
			<string>2147483647</string>
			<key>files</key>
			<array/>
			<key>inputPaths</key>
			<array/>
			<key>isa</key>
			<string>PBXShellScriptBuildPhase</string>
			<key>outputPaths</key>
			<array/>
			<key>runOnlyForDeploymentPostprocessing</key>
			<string>0</string>
			<key>shellPath</key>
			<string>/bin/sh</string>
			<key>shellScript</key>
			<string># Run the unit tests in this test bundle.
"${SYSTEM_DEVELOPER_DIR}/Tools/RunUnitTests"
</string>
		</dict>
		<key>9674A793166E73AA00CCA840</key>
		<dict>
			<key>buildConfigurationList</key>
			<string>9674A7A9166E73AA00CCA840</string>
			<key>buildPhases</key>
			<array>
				<string>9674A78F166E73AA00CCA840</string>
				<string>9674A790166E73AA00CCA840</string>
				<string>9674A791166E73AA00CCA840</string>
				<string>9674A792166E73AA00CCA840</string>
			</array>
			<key>buildRules</key>
			<array/>
			<key>dependencies</key>
			<array>
				<string>9674A79A166E73AA00CCA840</string>
			</array>
			<key>isa</key>
			<string>PBXNativeTarget</string>
			<key>name</key>
			<string>iFudgeTests</string>
			<key>productName</key>
			<string>iFudgeTests</string>
			<key>productReference</key>
			<string>9674A794166E73AA00CCA840</string>
			<key>productType</key>
			<string>com.apple.product-type.bundle</string>
		</dict>
		<key>9674A794166E73AA00CCA840</key>
		<dict>
			<key>explicitFileType</key>
			<string>wrapper.cfbundle</string>
			<key>includeInIndex</key>
			<string>0</string>
			<key>isa</key>
			<string>PBXFileReference</string>
			<key>path</key>
			<string>iFudgeTests.octest</string>
			<key>sourceTree</key>
			<string>BUILT_PRODUCTS_DIR</string>
		</dict>
		<key>9674A795166E73AA00CCA840</key>
		<dict>
			<key>isa</key>
			<string>PBXFileReference</string>
			<key>lastKnownFileType</key>
			<string>wrapper.framework</string>
			<key>name</key>
			<string>SenTestingKit.framework</string>
			<key>path</key>
			<string>Library/Frameworks/SenTestingKit.framework</string>
			<key>sourceTree</key>
			<string>DEVELOPER_DIR</string>
		</dict>
		<key>9674A796166E73AA00CCA840</key>
		<dict>
			<key>fileRef</key>
			<string>9674A795166E73AA00CCA840</string>
			<key>isa</key>
			<string>PBXBuildFile</string>
		</dict>
		<key>9674A797166E73AA00CCA840</key>
		<dict>
			<key>fileRef</key>
			<string>9674A771166E73AA00CCA840</string>
			<key>isa</key>
			<string>PBXBuildFile</string>
		</dict>
		<key>9674A798166E73AA00CCA840</key>
		<dict>
			<key>fileRef</key>
			<string>9674A773166E73AA00CCA840</string>
			<key>isa</key>
			<string>PBXBuildFile</string>
		</dict>
		<key>9674A799166E73AA00CCA840</key>
		<dict>
			<key>containerPortal</key>
			<string>9674A764166E73AA00CCA840</string>
			<key>isa</key>
			<string>PBXContainerItemProxy</string>
			<key>proxyType</key>
			<string>1</string>
			<key>remoteGlobalIDString</key>
			<string>9674A76C166E73AA00CCA840</string>
			<key>remoteInfo</key>
			<string>iFudge</string>
		</dict>
		<key>9674A79A166E73AA00CCA840</key>
		<dict>
			<key>isa</key>
			<string>PBXTargetDependency</string>
			<key>target</key>
			<string>9674A76C166E73AA00CCA840</string>
			<key>targetProxy</key>
			<string>9674A799166E73AA00CCA840</string>
		</dict>
		<key>9674A79B166E73AA00CCA840</key>
		<dict>
			<key>children</key>
			<array>
				<string>9674A7A1166E73AA00CCA840</string>
				<string>9674A7A2166E73AA00CCA840</string>
				<string>9674A79C166E73AA00CCA840</string>
			</array>
			<key>isa</key>
			<string>PBXGroup</string>
			<key>path</key>
			<string>iFudgeTests</string>
			<key>sourceTree</key>
			<string>&lt;group&gt;</string>
		</dict>
		<key>9674A79C166E73AA00CCA840</key>
		<dict>
			<key>children</key>
			<array>
				<string>9674A79D166E73AA00CCA840</string>
				<string>9674A79E166E73AA00CCA840</string>
			</array>
			<key>isa</key>
			<string>PBXGroup</string>
			<key>name</key>
			<string>Supporting Files</string>
			<key>sourceTree</key>
			<string>&lt;group&gt;</string>
		</dict>
		<key>9674A79D166E73AA00CCA840</key>
		<dict>
			<key>isa</key>
			<string>PBXFileReference</string>
			<key>lastKnownFileType</key>
			<string>text.plist.xml</string>
			<key>path</key>
			<string>iFudgeTests-Info.plist</string>
			<key>sourceTree</key>
			<string>&lt;group&gt;</string>
		</dict>
		<key>9674A79E166E73AA00CCA840</key>
		<dict>
			<key>children</key>
			<array>
				<string>9674A79F166E73AA00CCA840</string>
			</array>
			<key>isa</key>
			<string>PBXVariantGroup</string>
			<key>name</key>
			<string>InfoPlist.strings</string>
			<key>sourceTree</key>
			<string>&lt;group&gt;</string>
		</dict>
		<key>9674A79F166E73AA00CCA840</key>
		<dict>
			<key>isa</key>
			<string>PBXFileReference</string>
			<key>lastKnownFileType</key>
			<string>text.plist.strings</string>
			<key>name</key>
			<string>en</string>
			<key>path</key>
			<string>en.lproj/InfoPlist.strings</string>
			<key>sourceTree</key>
			<string>&lt;group&gt;</string>
		</dict>
		<key>9674A7A0166E73AA00CCA840</key>
		<dict>
			<key>fileRef</key>
			<string>9674A79E166E73AA00CCA840</string>
			<key>isa</key>
			<string>PBXBuildFile</string>
		</dict>
		<key>9674A7A1166E73AA00CCA840</key>
		<dict>
			<key>isa</key>
			<string>PBXFileReference</string>
			<key>lastKnownFileType</key>
			<string>sourcecode.c.h</string>
			<key>path</key>
			<string>iFudgeTests.h</string>
			<key>sourceTree</key>
			<string>&lt;group&gt;</string>
		</dict>
		<key>9674A7A2166E73AA00CCA840</key>
		<dict>
			<key>isa</key>
			<string>PBXFileReference</string>
			<key>lastKnownFileType</key>
			<string>sourcecode.c.objc</string>
			<key>path</key>
			<string>iFudgeTests.m</string>
			<key>sourceTree</key>
			<string>&lt;group&gt;</string>
		</dict>
		<key>9674A7A3166E73AA00CCA840</key>
		<dict>
			<key>fileRef</key>
			<string>9674A7A2166E73AA00CCA840</string>
			<key>isa</key>
			<string>PBXBuildFile</string>
		</dict>
		<key>9674A7A4166E73AA00CCA840</key>
		<dict>
			<key>buildSettings</key>
			<dict>
				<key>ALWAYS_SEARCH_USER_PATHS</key>
				<string>NO</string>
				<key>CLANG_CXX_LANGUAGE_STANDARD</key>
				<string>gnu++0x</string>
				<key>CLANG_CXX_LIBRARY</key>
				<string>libc++</string>
				<key>CLANG_ENABLE_OBJC_ARC</key>
				<string>YES</string>
				<key>CLANG_WARN_EMPTY_BODY</key>
				<string>YES</string>
				<key>CLANG_WARN__DUPLICATE_METHOD_MATCH</key>
				<string>YES</string>
				<key>CODE_SIGN_IDENTITY[sdk=iphoneos*]</key>
				<string>iPhone Developer</string>
				<key>COPY_PHASE_STRIP</key>
				<string>NO</string>
				<key>GCC_C_LANGUAGE_STANDARD</key>
				<string>gnu99</string>
				<key>GCC_DYNAMIC_NO_PIC</key>
				<string>NO</string>
				<key>GCC_OPTIMIZATION_LEVEL</key>
				<string>0</string>
				<key>GCC_PREPROCESSOR_DEFINITIONS</key>
				<array>
					<string>DEBUG=1</string>
					<string>$(inherited)</string>
				</array>
				<key>GCC_SYMBOLS_PRIVATE_EXTERN</key>
				<string>NO</string>
				<key>GCC_WARN_ABOUT_RETURN_TYPE</key>
				<string>YES</string>
				<key>GCC_WARN_UNINITIALIZED_AUTOS</key>
				<string>YES</string>
				<key>GCC_WARN_UNUSED_VARIABLE</key>
				<string>YES</string>
				<key>IPHONEOS_DEPLOYMENT_TARGET</key>
				<string>6.0</string>
				<key>ONLY_ACTIVE_ARCH</key>
				<string>YES</string>
				<key>SDKROOT</key>
				<string>iphoneos</string>
			</dict>
			<key>isa</key>
			<string>XCBuildConfiguration</string>
			<key>name</key>
			<string>Debug</string>
		</dict>
		<key>9674A7A5166E73AA00CCA840</key>
		<dict>
			<key>buildSettings</key>
			<dict>
				<key>ALWAYS_SEARCH_USER_PATHS</key>
				<string>NO</string>
				<key>CLANG_CXX_LANGUAGE_STANDARD</key>
				<string>gnu++0x</string>
				<key>CLANG_CXX_LIBRARY</key>
				<string>libc++</string>
				<key>CLANG_ENABLE_OBJC_ARC</key>
				<string>YES</string>
				<key>CLANG_WARN_EMPTY_BODY</key>
				<string>YES</string>
				<key>CLANG_WARN__DUPLICATE_METHOD_MATCH</key>
				<string>YES</string>
				<key>CODE_SIGN_IDENTITY[sdk=iphoneos*]</key>
				<string>iPhone Developer</string>
				<key>COPY_PHASE_STRIP</key>
				<string>YES</string>
				<key>GCC_C_LANGUAGE_STANDARD</key>
				<string>gnu99</string>
				<key>GCC_WARN_ABOUT_RETURN_TYPE</key>
				<string>YES</string>
				<key>GCC_WARN_UNINITIALIZED_AUTOS</key>
				<string>YES</string>
				<key>GCC_WARN_UNUSED_VARIABLE</key>
				<string>YES</string>
				<key>IPHONEOS_DEPLOYMENT_TARGET</key>
				<string>6.0</string>
				<key>OTHER_CFLAGS</key>
				<string>-DNS_BLOCK_ASSERTIONS=1</string>
				<key>SDKROOT</key>
				<string>iphoneos</string>
				<key>VALIDATE_PRODUCT</key>
				<string>YES</string>
			</dict>
			<key>isa</key>
			<string>XCBuildConfiguration</string>
			<key>name</key>
			<string>Release</string>
		</dict>
		<key>9674A7A6166E73AA00CCA840</key>
		<dict>
			<key>buildConfigurations</key>
			<array>
				<string>9674A7A7166E73AA00CCA840</string>
				<string>9674A7A8166E73AA00CCA840</string>
			</array>
			<key>defaultConfigurationIsVisible</key>
			<string>0</string>
			<key>isa</key>
			<string>XCConfigurationList</string>
		</dict>
		<key>9674A7A7166E73AA00CCA840</key>
		<dict>
			<key>baseConfigurationReference</key>
			<string>9F938856DC0C4D05AEC52E13</string>
			<key>buildSettings</key>
			<dict>
				<key>GCC_PRECOMPILE_PREFIX_HEADER</key>
				<string>YES</string>
				<key>GCC_PREFIX_HEADER</key>
				<string>iFudge/iFudge-Prefix.pch</string>
				<key>INFOPLIST_FILE</key>
				<string>iFudge/iFudge-Info.plist</string>
				<key>PRODUCT_NAME</key>
				<string>$(TARGET_NAME)</string>
				<key>WRAPPER_EXTENSION</key>
				<string>app</string>
			</dict>
			<key>isa</key>
			<string>XCBuildConfiguration</string>
			<key>name</key>
			<string>Debug</string>
		</dict>
		<key>9674A7A8166E73AA00CCA840</key>
		<dict>
			<key>baseConfigurationReference</key>
			<string>9F938856DC0C4D05AEC52E13</string>
			<key>buildSettings</key>
			<dict>
				<key>GCC_PRECOMPILE_PREFIX_HEADER</key>
				<string>YES</string>
				<key>GCC_PREFIX_HEADER</key>
				<string>iFudge/iFudge-Prefix.pch</string>
				<key>INFOPLIST_FILE</key>
				<string>iFudge/iFudge-Info.plist</string>
				<key>PRODUCT_NAME</key>
				<string>$(TARGET_NAME)</string>
				<key>WRAPPER_EXTENSION</key>
				<string>app</string>
			</dict>
			<key>isa</key>
			<string>XCBuildConfiguration</string>
			<key>name</key>
			<string>Release</string>
		</dict>
		<key>9674A7A9166E73AA00CCA840</key>
		<dict>
			<key>buildConfigurations</key>
			<array>
				<string>9674A7AA166E73AA00CCA840</string>
				<string>9674A7AB166E73AA00CCA840</string>
			</array>
			<key>defaultConfigurationIsVisible</key>
			<string>0</string>
			<key>isa</key>
			<string>XCConfigurationList</string>
		</dict>
		<key>9674A7AA166E73AA00CCA840</key>
		<dict>
			<key>buildSettings</key>
			<dict>
				<key>BUNDLE_LOADER</key>
				<string>$(BUILT_PRODUCTS_DIR)/iFudge.app/iFudge</string>
				<key>FRAMEWORK_SEARCH_PATHS</key>
				<array>
					<string>"$(SDKROOT)/Developer/Library/Frameworks"</string>
					<string>"$(DEVELOPER_LIBRARY_DIR)/Frameworks"</string>
				</array>
				<key>GCC_PRECOMPILE_PREFIX_HEADER</key>
				<string>YES</string>
				<key>GCC_PREFIX_HEADER</key>
				<string>iFudge/iFudge-Prefix.pch</string>
				<key>INFOPLIST_FILE</key>
				<string>iFudgeTests/iFudgeTests-Info.plist</string>
				<key>PRODUCT_NAME</key>
				<string>$(TARGET_NAME)</string>
				<key>TEST_HOST</key>
				<string>$(BUNDLE_LOADER)</string>
				<key>WRAPPER_EXTENSION</key>
				<string>octest</string>
			</dict>
			<key>isa</key>
			<string>XCBuildConfiguration</string>
			<key>name</key>
			<string>Debug</string>
		</dict>
		<key>9674A7AB166E73AA00CCA840</key>
		<dict>
			<key>buildSettings</key>
			<dict>
				<key>BUNDLE_LOADER</key>
				<string>$(BUILT_PRODUCTS_DIR)/iFudge.app/iFudge</string>
				<key>FRAMEWORK_SEARCH_PATHS</key>
				<array>
					<string>"$(SDKROOT)/Developer/Library/Frameworks"</string>
					<string>"$(DEVELOPER_LIBRARY_DIR)/Frameworks"</string>
				</array>
				<key>GCC_PRECOMPILE_PREFIX_HEADER</key>
				<string>YES</string>
				<key>GCC_PREFIX_HEADER</key>
				<string>iFudge/iFudge-Prefix.pch</string>
				<key>INFOPLIST_FILE</key>
				<string>iFudgeTests/iFudgeTests-Info.plist</string>
				<key>PRODUCT_NAME</key>
				<string>$(TARGET_NAME)</string>
				<key>TEST_HOST</key>
				<string>$(BUNDLE_LOADER)</string>
				<key>WRAPPER_EXTENSION</key>
				<string>octest</string>
			</dict>
			<key>isa</key>
			<string>XCBuildConfiguration</string>
			<key>name</key>
			<string>Release</string>
		</dict>
		<key>9F938856DC0C4D05AEC52E13</key>
		<dict>
			<key>includeInIndex</key>
			<string>1</string>
			<key>isa</key>
			<string>PBXFileReference</string>
			<key>lastKnownFileType</key>
			<string>text.xcconfig</string>
			<key>name</key>
			<string>Pods.xcconfig</string>
			<key>path</key>
			<string>Pods/Pods.xcconfig</string>
			<key>sourceTree</key>
			<string>SOURCE_ROOT</string>
		</dict>
		<key>A6A5C93B4C824417AC7001C6</key>
		<dict>
			<key>explicitFileType</key>
			<string>archive.ar</string>
			<key>includeInIndex</key>
			<string>0</string>
			<key>isa</key>
			<string>PBXFileReference</string>
			<key>name</key>
			<string>libPods.a</string>
			<key>path</key>
			<string>libPods.a</string>
			<key>sourceTree</key>
			<string>BUILT_PRODUCTS_DIR</string>
		</dict>
	</dict>
	<key>rootObject</key>
	<string>9674A764166E73AA00CCA840</string>
</dict>
</plist>
